
Microsoft Visual Studio Solution File, Format Version 12.00
# Visual Studio Version 17
VisualStudioVersion = 17.1.32210.238
MinimumVisualStudioVersion = 10.0.40219.1
Project("{FAE04EC0-301F-11D3-BF4B-00C04F79EFBC}") = "JogoDaVelha", "JogoDaVelha\JogoDaVelha.csproj", "{7D009432-5D54-47D8-9155-DE2190E09BFD}"
EndProject
Global
	GlobalSection(SolutionConfigurationPlatforms) = preSolution
		Debug|Any CPU = Debug|Any CPU
		Release|Any CPU = Release|Any CPU
	EndGlobalSection
	GlobalSection(ProjectConfigurationPlatforms) = postSolution
		{7D009432-5D54-47D8-9155-DE2190E09BFD}.Debug|Any CPU.ActiveCfg = Debug|Any CPU
		{7D009432-5D54-47D8-9155-DE2190E09BFD}.Debug|Any CPU.Build.0 = Debug|Any CPU
		{7D009432-5D54-47D8-9155-DE2190E09BFD}.Release|Any CPU.ActiveCfg = Release|Any CPU
		{7D009432-5D54-47D8-9155-DE2190E09BFD}.Release|Any CPU.Build.0 = Release|Any CPU
	EndGlobalSection
	GlobalSection(SolutionProperties) = preSolution
		HideSolutionNode = FALSE
	EndGlobalSection
	GlobalSection(ExtensibilityGlobals) = postSolution
		SolutionGuid = {E0C81C2B-7E7C-45BD-B71E-1B328960C29A}
	EndGlobalSection
EndGlobal
